{
  "name": "dashher",
  "version": "0.3.0",
  "lockfileVersion": 2,
  "requires": true,
  "packages": {
    "": {
      "name": "dashher",
      "version": "0.3.0",
      "license": "ISC",
      "dependencies": {
        "commander": "^8.3.0",
        "ohm-js": "^16.1.0"
      }
    },
    "node_modules/commander": {
      "version": "8.3.0",
      "resolved": "https://registry.npmjs.org/commander/-/commander-8.3.0.tgz",
      "integrity": "sha512-OkTL9umf+He2DZkUq8f8J9of7yL6RJKI24dVITBmNfZBmri9zYZQrKkuXiKhyfPSu8tUhnVBB1iKXevvnlR4Ww==",
      "engines": {
        "node": ">= 12"
      }
    },
    "node_modules/ohm-js": {
      "version": "16.1.0",
      "resolved": "https://registry.npmjs.org/ohm-js/-/ohm-js-16.1.0.tgz",
      "integrity": "sha512-q4l8tkFNcqc51+2p/JFnaQsmaxam7R48o7SLqQAvw+1XMie0rnnGsXn/aDiXUVQ6+b0F//COffJNYrWxnl0w6g==",
      "engines": {
        "node": ">=0.12.1"
      }
    }
  },
  "dependencies": {
    "commander": {
      "version": "8.3.0",
      "resolved": "https://registry.npmjs.org/commander/-/commander-8.3.0.tgz",
      "integrity": "sha512-OkTL9umf+He2DZkUq8f8J9of7yL6RJKI24dVITBmNfZBmri9zYZQrKkuXiKhyfPSu8tUhnVBB1iKXevvnlR4Ww=="
    },
    "ohm-js": {
      "version": "16.1.0",
      "resolved": "https://registry.npmjs.org/ohm-js/-/ohm-js-16.1.0.tgz",
      "integrity": "sha512-q4l8tkFNcqc51+2p/JFnaQsmaxam7R48o7SLqQAvw+1XMie0rnnGsXn/aDiXUVQ6+b0F//COffJNYrWxnl0w6g=="
    }
  }
}
